// !$*UTF8*$!
{
	archiveVersion = 1;
	classes = {
	};
	objectVersion = 55;
	objects = {

/* Begin PBXBuildFile section */
		A8000E9D28BB9D67000EA9B6 /* WatchConnectivityManager+WCSession.m in Sources */ = {isa = PBXBuildFile; fileRef = A8000E9C28BB9D67000EA9B6 /* WatchConnectivityManager+WCSession.m */; };
		A8000EA028BB9D67000EA9B6 /* WatchConnectivityManager+WCSession.m in Sources */ = {isa = PBXBuildFile; fileRef = A8000E9C28BB9D67000EA9B6 /* WatchConnectivityManager+WCSession.m */; };
		A8000F0328BBC192000EA9B6 /* ExtensionDelegate.m in Sources */ = {isa = PBXBuildFile; fileRef = A8000F0228BBC192000EA9B6 /* ExtensionDelegate.m */; };
		A8000F0928BBC1C3000EA9B6 /* ComplicationController.m in Sources */ = {isa = PBXBuildFile; fileRef = A8000F0828BBC1C3000EA9B6 /* ComplicationController.m */; };
		A861816428BB1A320040C79F /* AppDelegate.m in Sources */ = {isa = PBXBuildFile; fileRef = A861816328BB1A320040C79F /* AppDelegate.m */; };
		A861816728BB1A320040C79F /* SceneDelegate.m in Sources */ = {isa = PBXBuildFile; fileRef = A861816628BB1A320040C79F /* SceneDelegate.m */; };
		A861816F28BB1A330040C79F /* Assets.xcassets in Resources */ = {isa = PBXBuildFile; fileRef = A861816E28BB1A330040C79F /* Assets.xcassets */; };
		A861817228BB1A330040C79F /* LaunchScreen.storyboard in Resources */ = {isa = PBXBuildFile; fileRef = A861817028BB1A330040C79F /* LaunchScreen.storyboard */; };
		A861817528BB1A330040C79F /* main.m in Sources */ = {isa = PBXBuildFile; fileRef = A861817428BB1A330040C79F /* main.m */; };
		A861818F28BB1A330040C79F /* WatchDemo WatchKit App.app in Embed Watch Content */ = {isa = PBXBuildFile; fileRef = A861818E28BB1A330040C79F /* WatchDemo WatchKit App.app */; settings = {ATTRIBUTES = (RemoveHeadersOnCopy, ); }; };
		A861819528BB1A330040C79F /* Interface.storyboard in Resources */ = {isa = PBXBuildFile; fileRef = A861819328BB1A330040C79F /* Interface.storyboard */; };
		A861819728BB1A350040C79F /* Assets.xcassets in Resources */ = {isa = PBXBuildFile; fileRef = A861819628BB1A350040C79F /* Assets.xcassets */; };
		A861819D28BB1A350040C79F /* WatchDemo WatchKit Extension.appex in Embed App Extensions */ = {isa = PBXBuildFile; fileRef = A861819C28BB1A350040C79F /* WatchDemo WatchKit Extension.appex */; settings = {ATTRIBUTES = (RemoveHeadersOnCopy, ); }; };
		A86181AE28BB1A360040C79F /* Assets.xcassets in Resources */ = {isa = PBXBuildFile; fileRef = A86181AD28BB1A360040C79F /* Assets.xcassets */; };
		A86181E528BB1BAE0040C79F /* ShareMessageViewController.m in Sources */ = {isa = PBXBuildFile; fileRef = A86181E328BB1BAE0040C79F /* ShareMessageViewController.m */; };
		A86181E828BB1BAE0040C79F /* ShareMessageViewController.xib in Resources */ = {isa = PBXBuildFile; fileRef = A86181E428BB1BAE0040C79F /* ShareMessageViewController.xib */; };
		A861826E28BB23180040C79F /* WatchConnectivityManager.m in Sources */ = {isa = PBXBuildFile; fileRef = A861826D28BB23180040C79F /* WatchConnectivityManager.m */; };
		A861827E28BB36320040C79F /* WatchConnectivityManager.m in Sources */ = {isa = PBXBuildFile; fileRef = A861826D28BB23180040C79F /* WatchConnectivityManager.m */; };
		A861828328BB37050040C79F /* ShareMessageViewController+WatchConnectivity.m in Sources */ = {isa = PBXBuildFile; fileRef = A861828228BB37050040C79F /* ShareMessageViewController+WatchConnectivity.m */; };
		A861828E28BB39330040C79F /* MainInterfaceController.m in Sources */ = {isa = PBXBuildFile; fileRef = A861828D28BB39330040C79F /* MainInterfaceController.m */; };
		A861829328BB3C0C0040C79F /* ShareMessageInterfaceController+WatchConnectivity.m in Sources */ = {isa = PBXBuildFile; fileRef = A861829228BB3C0C0040C79F /* ShareMessageInterfaceController+WatchConnectivity.m */; };
		A8A438C728BD031B0074123F /* MainViewController.m in Sources */ = {isa = PBXBuildFile; fileRef = A8A438C628BD031B0074123F /* MainViewController.m */; };
		A8A438CD28BD08A90074123F /* MainOption.m in Sources */ = {isa = PBXBuildFile; fileRef = A8A438CC28BD08A90074123F /* MainOption.m */; };
		A8A438CE28BD08A90074123F /* MainOption.m in Sources */ = {isa = PBXBuildFile; fileRef = A8A438CC28BD08A90074123F /* MainOption.m */; };
		A8C4410D28BC99B9000A27BD /* ShareMessageInterfaceController.m in Sources */ = {isa = PBXBuildFile; fileRef = A8C4410C28BC99B9000A27BD /* ShareMessageInterfaceController.m */; };
		A8C4411A28BCC399000A27BD /* MainRowController.m in Sources */ = {isa = PBXBuildFile; fileRef = A8C4411928BCC399000A27BD /* MainRowController.m */; };
/* End PBXBuildFile section */

/* Begin PBXContainerItemProxy section */
		A861819028BB1A330040C79F /* PBXContainerItemProxy */ = {
			isa = PBXContainerItemProxy;
			containerPortal = A861815728BB1A310040C79F /* Project object */;
			proxyType = 1;
			remoteGlobalIDString = A861818D28BB1A330040C79F;
			remoteInfo = "WatchDemo WatchKit App";
		};
		A861819E28BB1A350040C79F /* PBXContainerItemProxy */ = {
			isa = PBXContainerItemProxy;
			containerPortal = A861815728BB1A310040C79F /* Project object */;
			proxyType = 1;
			remoteGlobalIDString = A861819B28BB1A350040C79F;
			remoteInfo = "WatchDemo WatchKit Extension";
		};
/* End PBXContainerItemProxy section */

/* Begin PBXCopyFilesBuildPhase section */
		A86181CC28BB1A360040C79F /* Embed App Extensions */ = {
			isa = PBXCopyFilesBuildPhase;
			buildActionMask = 2147483647;
			dstPath = "";
			dstSubfolderSpec = 13;
			files = (
				A861819D28BB1A350040C79F /* WatchDemo WatchKit Extension.appex in Embed App Extensions */,
			);
			name = "Embed App Extensions";
			runOnlyForDeploymentPostprocessing = 0;
		};
		A86181D028BB1A360040C79F /* Embed Watch Content */ = {
			isa = PBXCopyFilesBuildPhase;
			buildActionMask = 2147483647;
			dstPath = "$(CONTENTS_FOLDER_PATH)/Watch";
			dstSubfolderSpec = 16;
			files = (
				A861818F28BB1A330040C79F /* WatchDemo WatchKit App.app in Embed Watch Content */,
			);
			name = "Embed Watch Content";
			runOnlyForDeploymentPostprocessing = 0;
		};
		A861824B28BB1E9C0040C79F /* Embed Frameworks */ = {
			isa = PBXCopyFilesBuildPhase;
			buildActionMask = 2147483647;
			dstPath = "";
			dstSubfolderSpec = 10;
			files = (
			);
			name = "Embed Frameworks";
			runOnlyForDeploymentPostprocessing = 0;
		};
		A861826128BB1F050040C79F /* Embed App Extensions */ = {
			isa = PBXCopyFilesBuildPhase;
			buildActionMask = 2147483647;
			dstPath = "";
			dstSubfolderSpec = 13;
			files = (
			);
			name = "Embed App Extensions";
			runOnlyForDeploymentPostprocessing = 0;
		};
/* End PBXCopyFilesBuildPhase section */

/* Begin PBXFileReference section */
		A8000E9A28BB9D01000EA9B6 /* WatchConnectivityManagerDelegate.h */ = {isa = PBXFileReference; lastKnownFileType = sourcecode.c.h; path = WatchConnectivityManagerDelegate.h; sourceTree = "<group>"; };
		A8000E9B28BB9D67000EA9B6 /* WatchConnectivityManager+WCSession.h */ = {isa = PBXFileReference; lastKnownFileType = sourcecode.c.h; path = "WatchConnectivityManager+WCSession.h"; sourceTree = "<group>"; };
		A8000E9C28BB9D67000EA9B6 /* WatchConnectivityManager+WCSession.m */ = {isa = PBXFileReference; lastKnownFileType = sourcecode.c.objc; path = "WatchConnectivityManager+WCSession.m"; sourceTree = "<group>"; };
		A8000EA328BBB5B1000EA9B6 /* WatchDemo.entitlements */ = {isa = PBXFileReference; lastKnownFileType = text.plist.entitlements; path = WatchDemo.entitlements; sourceTree = "<group>"; };
		A8000EA428BBB68E000EA9B6 /* WatchDemo WatchKit Extension.entitlements */ = {isa = PBXFileReference; lastKnownFileType = text.plist.entitlements; path = "WatchDemo WatchKit Extension.entitlements"; sourceTree = "<group>"; };
		A8000EAD28BBB8DB000EA9B6 /* WatchDemo WatchKit App.entitlements */ = {isa = PBXFileReference; lastKnownFileType = text.plist.entitlements; path = "WatchDemo WatchKit App.entitlements"; sourceTree = "<group>"; };
		A8000F0128BBC192000EA9B6 /* ExtensionDelegate.h */ = {isa = PBXFileReference; lastKnownFileType = sourcecode.c.h; path = ExtensionDelegate.h; sourceTree = "<group>"; };
		A8000F0228BBC192000EA9B6 /* ExtensionDelegate.m */ = {isa = PBXFileReference; lastKnownFileType = sourcecode.c.objc; path = ExtensionDelegate.m; sourceTree = "<group>"; };
		A8000F0728BBC1C3000EA9B6 /* ComplicationController.h */ = {isa = PBXFileReference; lastKnownFileType = sourcecode.c.h; path = ComplicationController.h; sourceTree = "<group>"; };
		A8000F0828BBC1C3000EA9B6 /* ComplicationController.m */ = {isa = PBXFileReference; lastKnownFileType = sourcecode.c.objc; path = ComplicationController.m; sourceTree = "<group>"; };
		A861815F28BB1A320040C79F /* WatchDemo.app */ = {isa = PBXFileReference; explicitFileType = wrapper.application; includeInIndex = 0; path = WatchDemo.app; sourceTree = BUILT_PRODUCTS_DIR; };
		A861816228BB1A320040C79F /* AppDelegate.h */ = {isa = PBXFileReference; lastKnownFileType = sourcecode.c.h; path = AppDelegate.h; sourceTree = "<group>"; };
		A861816328BB1A320040C79F /* AppDelegate.m */ = {isa = PBXFileReference; lastKnownFileType = sourcecode.c.objc; path = AppDelegate.m; sourceTree = "<group>"; };
		A861816528BB1A320040C79F /* SceneDelegate.h */ = {isa = PBXFileReference; lastKnownFileType = sourcecode.c.h; path = SceneDelegate.h; sourceTree = "<group>"; };
		A861816628BB1A320040C79F /* SceneDelegate.m */ = {isa = PBXFileReference; lastKnownFileType = sourcecode.c.objc; path = SceneDelegate.m; sourceTree = "<group>"; };
		A861816E28BB1A330040C79F /* Assets.xcassets */ = {isa = PBXFileReference; lastKnownFileType = folder.assetcatalog; path = Assets.xcassets; sourceTree = "<group>"; };
		A861817128BB1A330040C79F /* Base */ = {isa = PBXFileReference; lastKnownFileType = file.storyboard; name = Base; path = Base.lproj/LaunchScreen.storyboard; sourceTree = "<group>"; };
		A861817328BB1A330040C79F /* Info.plist */ = {isa = PBXFileReference; lastKnownFileType = text.plist.xml; path = Info.plist; sourceTree = "<group>"; };
		A861817428BB1A330040C79F /* main.m */ = {isa = PBXFileReference; lastKnownFileType = sourcecode.c.objc; path = main.m; sourceTree = "<group>"; };
		A861818E28BB1A330040C79F /* WatchDemo WatchKit App.app */ = {isa = PBXFileReference; explicitFileType = wrapper.application; includeInIndex = 0; path = "WatchDemo WatchKit App.app"; sourceTree = BUILT_PRODUCTS_DIR; };
		A861819428BB1A330040C79F /* Base */ = {isa = PBXFileReference; lastKnownFileType = file.storyboard; name = Base; path = Base.lproj/Interface.storyboard; sourceTree = "<group>"; };
		A861819628BB1A350040C79F /* Assets.xcassets */ = {isa = PBXFileReference; lastKnownFileType = folder.assetcatalog; path = Assets.xcassets; sourceTree = "<group>"; };
		A861819C28BB1A350040C79F /* WatchDemo WatchKit Extension.appex */ = {isa = PBXFileReference; explicitFileType = "wrapper.app-extension"; includeInIndex = 0; path = "WatchDemo WatchKit Extension.appex"; sourceTree = BUILT_PRODUCTS_DIR; };
		A86181AD28BB1A360040C79F /* Assets.xcassets */ = {isa = PBXFileReference; lastKnownFileType = folder.assetcatalog; path = Assets.xcassets; sourceTree = "<group>"; };
		A86181AF28BB1A360040C79F /* Info.plist */ = {isa = PBXFileReference; lastKnownFileType = text.plist.xml; path = Info.plist; sourceTree = "<group>"; };
		A86181B028BB1A360040C79F /* PushNotificationPayload.apns */ = {isa = PBXFileReference; lastKnownFileType = text; path = PushNotificationPayload.apns; sourceTree = "<group>"; };
		A86181E228BB1BAE0040C79F /* ShareMessageViewController.h */ = {isa = PBXFileReference; lastKnownFileType = sourcecode.c.h; path = ShareMessageViewController.h; sourceTree = "<group>"; };
		A86181E328BB1BAE0040C79F /* ShareMessageViewController.m */ = {isa = PBXFileReference; lastKnownFileType = sourcecode.c.objc; path = ShareMessageViewController.m; sourceTree = "<group>"; };
		A86181E428BB1BAE0040C79F /* ShareMessageViewController.xib */ = {isa = PBXFileReference; lastKnownFileType = file.xib; path = ShareMessageViewController.xib; sourceTree = "<group>"; };
		A861826C28BB23180040C79F /* WatchConnectivityManager.h */ = {isa = PBXFileReference; lastKnownFileType = sourcecode.c.h; path = WatchConnectivityManager.h; sourceTree = "<group>"; };
		A861826D28BB23180040C79F /* WatchConnectivityManager.m */ = {isa = PBXFileReference; lastKnownFileType = sourcecode.c.objc; path = WatchConnectivityManager.m; sourceTree = "<group>"; };
		A861828128BB37050040C79F /* ShareMessageViewController+WatchConnectivity.h */ = {isa = PBXFileReference; lastKnownFileType = sourcecode.c.h; path = "ShareMessageViewController+WatchConnectivity.h"; sourceTree = "<group>"; };
		A861828228BB37050040C79F /* ShareMessageViewController+WatchConnectivity.m */ = {isa = PBXFileReference; lastKnownFileType = sourcecode.c.objc; path = "ShareMessageViewController+WatchConnectivity.m"; sourceTree = "<group>"; };
		A861828C28BB39330040C79F /* MainInterfaceController.h */ = {isa = PBXFileReference; lastKnownFileType = sourcecode.c.h; path = MainInterfaceController.h; sourceTree = "<group>"; };
		A861828D28BB39330040C79F /* MainInterfaceController.m */ = {isa = PBXFileReference; lastKnownFileType = sourcecode.c.objc; path = MainInterfaceController.m; sourceTree = "<group>"; };
		A861829128BB3C0C0040C79F /* ShareMessageInterfaceController+WatchConnectivity.h */ = {isa = PBXFileReference; lastKnownFileType = sourcecode.c.h; path = "ShareMessageInterfaceController+WatchConnectivity.h"; sourceTree = "<group>"; };
		A861829228BB3C0C0040C79F /* ShareMessageInterfaceController+WatchConnectivity.m */ = {isa = PBXFileReference; lastKnownFileType = sourcecode.c.objc; path = "ShareMessageInterfaceController+WatchConnectivity.m"; sourceTree = "<group>"; };
		A8A438C528BD031B0074123F /* MainViewController.h */ = {isa = PBXFileReference; lastKnownFileType = sourcecode.c.h; path = MainViewController.h; sourceTree = "<group>"; };
		A8A438C628BD031B0074123F /* MainViewController.m */ = {isa = PBXFileReference; lastKnownFileType = sourcecode.c.objc; path = MainViewController.m; sourceTree = "<group>"; };
		A8A438CB28BD08A90074123F /* MainOption.h */ = {isa = PBXFileReference; lastKnownFileType = sourcecode.c.h; path = MainOption.h; sourceTree = "<group>"; };
		A8A438CC28BD08A90074123F /* MainOption.m */ = {isa = PBXFileReference; lastKnownFileType = sourcecode.c.objc; path = MainOption.m; sourceTree = "<group>"; };
		A8C4410B28BC99B9000A27BD /* ShareMessageInterfaceController.h */ = {isa = PBXFileReference; lastKnownFileType = sourcecode.c.h; path = ShareMessageInterfaceController.h; sourceTree = "<group>"; };
		A8C4410C28BC99B9000A27BD /* ShareMessageInterfaceController.m */ = {isa = PBXFileReference; lastKnownFileType = sourcecode.c.objc; path = ShareMessageInterfaceController.m; sourceTree = "<group>"; };
		A8C4411828BCC399000A27BD /* MainRowController.h */ = {isa = PBXFileReference; lastKnownFileType = sourcecode.c.h; path = MainRowController.h; sourceTree = "<group>"; };
		A8C4411928BCC399000A27BD /* MainRowController.m */ = {isa = PBXFileReference; lastKnownFileType = sourcecode.c.objc; path = MainRowController.m; sourceTree = "<group>"; };
/* End PBXFileReference section */

/* Begin PBXFrameworksBuildPhase section */
		A861815C28BB1A320040C79F /* Frameworks */ = {
			isa = PBXFrameworksBuildPhase;
			buildActionMask = 2147483647;
			files = (
			);
			runOnlyForDeploymentPostprocessing = 0;
		};
		A861819928BB1A350040C79F /* Frameworks */ = {
			isa = PBXFrameworksBuildPhase;
			buildActionMask = 2147483647;
			files = (
			);
			runOnlyForDeploymentPostprocessing = 0;
		};
/* End PBXFrameworksBuildPhase section */

/* Begin PBXGroup section */
		A8000F0028BBC168000EA9B6 /* ExtensionDelegate */ = {
			isa = PBXGroup;
			children = (
				A8000F0128BBC192000EA9B6 /* ExtensionDelegate.h */,
				A8000F0228BBC192000EA9B6 /* ExtensionDelegate.m */,
			);
			path = ExtensionDelegate;
			sourceTree = "<group>";
		};
		A8000F0628BBC1A4000EA9B6 /* Complication */ = {
			isa = PBXGroup;
			children = (
				A8000F0728BBC1C3000EA9B6 /* ComplicationController.h */,
				A8000F0828BBC1C3000EA9B6 /* ComplicationController.m */,
			);
			path = Complication;
			sourceTree = "<group>";
		};
		A861815628BB1A310040C79F = {
			isa = PBXGroup;
			children = (
				A861826228BB22C40040C79F /* WatchDemoConnectivity */,
				A861816128BB1A320040C79F /* WatchDemo */,
				A861819228BB1A330040C79F /* WatchDemo WatchKit App */,
				A86181A028BB1A350040C79F /* WatchDemo WatchKit Extension */,
				A861816028BB1A320040C79F /* Products */,
			);
			sourceTree = "<group>";
		};
		A861816028BB1A320040C79F /* Products */ = {
			isa = PBXGroup;
			children = (
				A861815F28BB1A320040C79F /* WatchDemo.app */,
				A861818E28BB1A330040C79F /* WatchDemo WatchKit App.app */,
				A861819C28BB1A350040C79F /* WatchDemo WatchKit Extension.appex */,
			);
			name = Products;
			sourceTree = "<group>";
		};
		A861816128BB1A320040C79F /* WatchDemo */ = {
			isa = PBXGroup;
			children = (
				A8000EA328BBB5B1000EA9B6 /* WatchDemo.entitlements */,
				A86181E028BB1B790040C79F /* App */,
				A86181E128BB1B820040C79F /* UI */,
				A861816E28BB1A330040C79F /* Assets.xcassets */,
				A861817028BB1A330040C79F /* LaunchScreen.storyboard */,
				A861817328BB1A330040C79F /* Info.plist */,
				A861817428BB1A330040C79F /* main.m */,
			);
			path = WatchDemo;
			sourceTree = "<group>";
		};
		A861819228BB1A330040C79F /* WatchDemo WatchKit App */ = {
			isa = PBXGroup;
			children = (
				A8000EAD28BBB8DB000EA9B6 /* WatchDemo WatchKit App.entitlements */,
				A861819328BB1A330040C79F /* Interface.storyboard */,
				A861819628BB1A350040C79F /* Assets.xcassets */,
			);
			path = "WatchDemo WatchKit App";
			sourceTree = "<group>";
		};
		A86181A028BB1A350040C79F /* WatchDemo WatchKit Extension */ = {
			isa = PBXGroup;
			children = (
				A8000EA428BBB68E000EA9B6 /* WatchDemo WatchKit Extension.entitlements */,
				A861828628BB387D0040C79F /* Interface */,
				A8000F0028BBC168000EA9B6 /* ExtensionDelegate */,
				A8000F0628BBC1A4000EA9B6 /* Complication */,
				A86181AD28BB1A360040C79F /* Assets.xcassets */,
				A86181AF28BB1A360040C79F /* Info.plist */,
				A86181B028BB1A360040C79F /* PushNotificationPayload.apns */,
			);
			path = "WatchDemo WatchKit Extension";
			sourceTree = "<group>";
		};
		A86181E028BB1B790040C79F /* App */ = {
			isa = PBXGroup;
			children = (
				A861816228BB1A320040C79F /* AppDelegate.h */,
				A861816328BB1A320040C79F /* AppDelegate.m */,
				A861816528BB1A320040C79F /* SceneDelegate.h */,
				A861816628BB1A320040C79F /* SceneDelegate.m */,
			);
			path = App;
			sourceTree = "<group>";
		};
		A86181E128BB1B820040C79F /* UI */ = {
			isa = PBXGroup;
			children = (
				A86181EB28BB1BB20040C79F /* Main */,
				A8C4410F28BC9C76000A27BD /* ShareMessage */,
			);
			path = UI;
			sourceTree = "<group>";
		};
		A86181EB28BB1BB20040C79F /* Main */ = {
			isa = PBXGroup;
			children = (
				A8A438C528BD031B0074123F /* MainViewController.h */,
				A8A438C628BD031B0074123F /* MainViewController.m */,
			);
			path = Main;
			sourceTree = "<group>";
		};
		A861826228BB22C40040C79F /* WatchDemoConnectivity */ = {
			isa = PBXGroup;
			children = (
				A8A438C828BD07250074123F /* MainOption */,
				A861826B28BB22F50040C79F /* WatchConnectivityManager */,
			);
			path = WatchDemoConnectivity;
			sourceTree = "<group>";
		};
		A861826B28BB22F50040C79F /* WatchConnectivityManager */ = {
			isa = PBXGroup;
			children = (
				A8000E9A28BB9D01000EA9B6 /* WatchConnectivityManagerDelegate.h */,
				A861826C28BB23180040C79F /* WatchConnectivityManager.h */,
				A861826D28BB23180040C79F /* WatchConnectivityManager.m */,
				A8000E9B28BB9D67000EA9B6 /* WatchConnectivityManager+WCSession.h */,
				A8000E9C28BB9D67000EA9B6 /* WatchConnectivityManager+WCSession.m */,
			);
			path = WatchConnectivityManager;
			sourceTree = "<group>";
		};
		A861828628BB387D0040C79F /* Interface */ = {
			isa = PBXGroup;
			children = (
				A861828728BB388F0040C79F /* Main */,
				A8C4410E28BC99C0000A27BD /* ShareMessage */,
			);
			path = Interface;
			sourceTree = "<group>";
		};
		A861828728BB388F0040C79F /* Main */ = {
			isa = PBXGroup;
			children = (
				A861828C28BB39330040C79F /* MainInterfaceController.h */,
				A861828D28BB39330040C79F /* MainInterfaceController.m */,
				A8C4411828BCC399000A27BD /* MainRowController.h */,
				A8C4411928BCC399000A27BD /* MainRowController.m */,
			);
			path = Main;
			sourceTree = "<group>";
		};
		A8A438C828BD07250074123F /* MainOption */ = {
			isa = PBXGroup;
			children = (
				A8A438CB28BD08A90074123F /* MainOption.h */,
				A8A438CC28BD08A90074123F /* MainOption.m */,
			);
			path = MainOption;
			sourceTree = "<group>";
		};
		A8C4410E28BC99C0000A27BD /* ShareMessage */ = {
			isa = PBXGroup;
			children = (
				A8C4410B28BC99B9000A27BD /* ShareMessageInterfaceController.h */,
				A8C4410C28BC99B9000A27BD /* ShareMessageInterfaceController.m */,
				A861829128BB3C0C0040C79F /* ShareMessageInterfaceController+WatchConnectivity.h */,
				A861829228BB3C0C0040C79F /* ShareMessageInterfaceController+WatchConnectivity.m */,
			);
			path = ShareMessage;
			sourceTree = "<group>";
		};
		A8C4410F28BC9C76000A27BD /* ShareMessage */ = {
			isa = PBXGroup;
			children = (
				A86181E228BB1BAE0040C79F /* ShareMessageViewController.h */,
				A86181E328BB1BAE0040C79F /* ShareMessageViewController.m */,
				A86181E428BB1BAE0040C79F /* ShareMessageViewController.xib */,
				A861828128BB37050040C79F /* ShareMessageViewController+WatchConnectivity.h */,
				A861828228BB37050040C79F /* ShareMessageViewController+WatchConnectivity.m */,
			);
			path = ShareMessage;
			sourceTree = "<group>";
		};
/* End PBXGroup section */

/* Begin PBXNativeTarget section */
		A861815E28BB1A320040C79F /* WatchDemo */ = {
			isa = PBXNativeTarget;
			buildConfigurationList = A86181D128BB1A360040C79F /* Build configuration list for PBXNativeTarget "WatchDemo" */;
			buildPhases = (
				A861815B28BB1A320040C79F /* Sources */,
				A861815C28BB1A320040C79F /* Frameworks */,
				A861815D28BB1A320040C79F /* Resources */,
				A86181D028BB1A360040C79F /* Embed Watch Content */,
			);
			buildRules = (
			);
			dependencies = (
				A861819128BB1A330040C79F /* PBXTargetDependency */,
			);
			name = WatchDemo;
			productName = WatchDemo;
			productReference = A861815F28BB1A320040C79F /* WatchDemo.app */;
			productType = "com.apple.product-type.application";
		};
		A861818D28BB1A330040C79F /* WatchDemo WatchKit App */ = {
			isa = PBXNativeTarget;
			buildConfigurationList = A86181CD28BB1A360040C79F /* Build configuration list for PBXNativeTarget "WatchDemo WatchKit App" */;
			buildPhases = (
				A861818C28BB1A330040C79F /* Resources */,
				A86181CC28BB1A360040C79F /* Embed App Extensions */,
			);
			buildRules = (
			);
			dependencies = (
				A861819F28BB1A350040C79F /* PBXTargetDependency */,
			);
			name = "WatchDemo WatchKit App";
			productName = "WatchDemo WatchKit App";
			productReference = A861818E28BB1A330040C79F /* WatchDemo WatchKit App.app */;
			productType = "com.apple.product-type.application.watchapp2";
		};
		A861819B28BB1A350040C79F /* WatchDemo WatchKit Extension */ = {
			isa = PBXNativeTarget;
			buildConfigurationList = A86181C928BB1A360040C79F /* Build configuration list for PBXNativeTarget "WatchDemo WatchKit Extension" */;
			buildPhases = (
				A861819828BB1A350040C79F /* Sources */,
				A861819928BB1A350040C79F /* Frameworks */,
				A861819A28BB1A350040C79F /* Resources */,
				A861824B28BB1E9C0040C79F /* Embed Frameworks */,
				A861826128BB1F050040C79F /* Embed App Extensions */,
			);
			buildRules = (
			);
			dependencies = (
			);
			name = "WatchDemo WatchKit Extension";
			productName = "WatchDemo WatchKit Extension";
			productReference = A861819C28BB1A350040C79F /* WatchDemo WatchKit Extension.appex */;
			productType = "com.apple.product-type.watchkit2-extension";
		};
/* End PBXNativeTarget section */

/* Begin PBXProject section */
		A861815728BB1A310040C79F /* Project object */ = {
			isa = PBXProject;
			attributes = {
				BuildIndependentTargetsInParallel = 1;
				LastSwiftUpdateCheck = 1340;
				LastUpgradeCheck = 1340;
				TargetAttributes = {
					A861815E28BB1A320040C79F = {
						CreatedOnToolsVersion = 13.4.1;
						LastSwiftMigration = 1340;
					};
					A861818D28BB1A330040C79F = {
						CreatedOnToolsVersion = 13.4.1;
					};
					A861819B28BB1A350040C79F = {
						CreatedOnToolsVersion = 13.4.1;
						LastSwiftMigration = 1340;
					};
				};
			};
			buildConfigurationList = A861815A28BB1A310040C79F /* Build configuration list for PBXProject "WatchDemo" */;
			compatibilityVersion = "Xcode 13.0";
			developmentRegion = en;
			hasScannedForEncodings = 0;
			knownRegions = (
				en,
				Base,
			);
			mainGroup = A861815628BB1A310040C79F;
			productRefGroup = A861816028BB1A320040C79F /* Products */;
			projectDirPath = "";
			projectRoot = "";
			targets = (
				A861815E28BB1A320040C79F /* WatchDemo */,
				A861818D28BB1A330040C79F /* WatchDemo WatchKit App */,
				A861819B28BB1A350040C79F /* WatchDemo WatchKit Extension */,
			);
		};
/* End PBXProject section */

/* Begin PBXResourcesBuildPhase section */
		A861815D28BB1A320040C79F /* Resources */ = {
			isa = PBXResourcesBuildPhase;
			buildActionMask = 2147483647;
			files = (
				A861817228BB1A330040C79F /* LaunchScreen.storyboard in Resources */,
				A86181E828BB1BAE0040C79F /* ShareMessageViewController.xib in Resources */,
				A861816F28BB1A330040C79F /* Assets.xcassets in Resources */,
			);
			runOnlyForDeploymentPostprocessing = 0;
		};
		A861818C28BB1A330040C79F /* Resources */ = {
			isa = PBXResourcesBuildPhase;
			buildActionMask = 2147483647;
			files = (
				A861819728BB1A350040C79F /* Assets.xcassets in Resources */,
				A861819528BB1A330040C79F /* Interface.storyboard in Resources */,
			);
			runOnlyForDeploymentPostprocessing = 0;
		};
		A861819A28BB1A350040C79F /* Resources */ = {
			isa = PBXResourcesBuildPhase;
			buildActionMask = 2147483647;
			files = (
				A86181AE28BB1A360040C79F /* Assets.xcassets in Resources */,
			);
			runOnlyForDeploymentPostprocessing = 0;
		};
/* End PBXResourcesBuildPhase section */

/* Begin PBXSourcesBuildPhase section */
		A861815B28BB1A320040C79F /* Sources */ = {
			isa = PBXSourcesBuildPhase;
			buildActionMask = 2147483647;
			files = (
				A861826E28BB23180040C79F /* WatchConnectivityManager.m in Sources */,
				A8A438CD28BD08A90074123F /* MainOption.m in Sources */,
				A861816428BB1A320040C79F /* AppDelegate.m in Sources */,
				A861817528BB1A330040C79F /* main.m in Sources */,
				A8A438C728BD031B0074123F /* MainViewController.m in Sources */,
				A8000E9D28BB9D67000EA9B6 /* WatchConnectivityManager+WCSession.m in Sources */,
				A861816728BB1A320040C79F /* SceneDelegate.m in Sources */,
				A861828328BB37050040C79F /* ShareMessageViewController+WatchConnectivity.m in Sources */,
				A86181E528BB1BAE0040C79F /* ShareMessageViewController.m in Sources */,
			);
			runOnlyForDeploymentPostprocessing = 0;
		};
		A861819828BB1A350040C79F /* Sources */ = {
			isa = PBXSourcesBuildPhase;
			buildActionMask = 2147483647;
			files = (
				A8000EA028BB9D67000EA9B6 /* WatchConnectivityManager+WCSession.m in Sources */,
				A8A438CE28BD08A90074123F /* MainOption.m in Sources */,
				A8C4411A28BCC399000A27BD /* MainRowController.m in Sources */,
				A8000F0328BBC192000EA9B6 /* ExtensionDelegate.m in Sources */,
				A861828E28BB39330040C79F /* MainInterfaceController.m in Sources */,
				A8C4410D28BC99B9000A27BD /* ShareMessageInterfaceController.m in Sources */,
				A8000F0928BBC1C3000EA9B6 /* ComplicationController.m in Sources */,
				A861827E28BB36320040C79F /* WatchConnectivityManager.m in Sources */,
				A861829328BB3C0C0040C79F /* ShareMessageInterfaceController+WatchConnectivity.m in Sources */,
			);
			runOnlyForDeploymentPostprocessing = 0;
		};
/* End PBXSourcesBuildPhase section */

/* Begin PBXTargetDependency section */
		A861819128BB1A330040C79F /* PBXTargetDependency */ = {
			isa = PBXTargetDependency;
			target = A861818D28BB1A330040C79F /* WatchDemo WatchKit App */;
			targetProxy = A861819028BB1A330040C79F /* PBXContainerItemProxy */;
		};
		A861819F28BB1A350040C79F /* PBXTargetDependency */ = {
			isa = PBXTargetDependency;
			target = A861819B28BB1A350040C79F /* WatchDemo WatchKit Extension */;
			targetProxy = A861819E28BB1A350040C79F /* PBXContainerItemProxy */;
		};
/* End PBXTargetDependency section */

/* Begin PBXVariantGroup section */
		A861817028BB1A330040C79F /* LaunchScreen.storyboard */ = {
			isa = PBXVariantGroup;
			children = (
				A861817128BB1A330040C79F /* Base */,
			);
			name = LaunchScreen.storyboard;
			sourceTree = "<group>";
		};
		A861819328BB1A330040C79F /* Interface.storyboard */ = {
			isa = PBXVariantGroup;
			children = (
				A861819428BB1A330040C79F /* Base */,
			);
			name = Interface.storyboard;
			sourceTree = "<group>";
		};
/* End PBXVariantGroup section */

/* Begin XCBuildConfiguration section */
		A86181C728BB1A360040C79F /* Debug */ = {
			isa = XCBuildConfiguration;
			buildSettings = {
				ALWAYS_SEARCH_USER_PATHS = NO;
				CLANG_ANALYZER_NONNULL = YES;
				CLANG_ANALYZER_NUMBER_OBJECT_CONVERSION = YES_AGGRESSIVE;
				CLANG_CXX_LANGUAGE_STANDARD = "gnu++17";
				CLANG_ENABLE_MODULES = YES;
				CLANG_ENABLE_OBJC_ARC = YES;
				CLANG_ENABLE_OBJC_WEAK = YES;
				CLANG_WARN_BLOCK_CAPTURE_AUTORELEASING = YES;
				CLANG_WARN_BOOL_CONVERSION = YES;
				CLANG_WARN_COMMA = YES;
				CLANG_WARN_CONSTANT_CONVERSION = YES;
				CLANG_WARN_DEPRECATED_OBJC_IMPLEMENTATIONS = YES;
				CLANG_WARN_DIRECT_OBJC_ISA_USAGE = YES_ERROR;
				CLANG_WARN_DOCUMENTATION_COMMENTS = YES;
				CLANG_WARN_EMPTY_BODY = YES;
				CLANG_WARN_ENUM_CONVERSION = YES;
				CLANG_WARN_INFINITE_RECURSION = YES;
				CLANG_WARN_INT_CONVERSION = YES;
				CLANG_WARN_NON_LITERAL_NULL_CONVERSION = YES;
				CLANG_WARN_OBJC_IMPLICIT_RETAIN_SELF = YES;
				CLANG_WARN_OBJC_LITERAL_CONVERSION = YES;
				CLANG_WARN_OBJC_ROOT_CLASS = YES_ERROR;
				CLANG_WARN_QUOTED_INCLUDE_IN_FRAMEWORK_HEADER = YES;
				CLANG_WARN_RANGE_LOOP_ANALYSIS = YES;
				CLANG_WARN_STRICT_PROTOTYPES = YES;
				CLANG_WARN_SUSPICIOUS_MOVE = YES;
				CLANG_WARN_UNGUARDED_AVAILABILITY = YES_AGGRESSIVE;
				CLANG_WARN_UNREACHABLE_CODE = YES;
				CLANG_WARN__DUPLICATE_METHOD_MATCH = YES;
				COPY_PHASE_STRIP = NO;
				DEBUG_INFORMATION_FORMAT = dwarf;
				ENABLE_STRICT_OBJC_MSGSEND = YES;
				ENABLE_TESTABILITY = YES;
				GCC_C_LANGUAGE_STANDARD = gnu11;
				GCC_DYNAMIC_NO_PIC = NO;
				GCC_NO_COMMON_BLOCKS = YES;
				GCC_OPTIMIZATION_LEVEL = 0;
				GCC_PREPROCESSOR_DEFINITIONS = (
					"DEBUG=1",
					"$(inherited)",
				);
				GCC_WARN_64_TO_32_BIT_CONVERSION = YES;
				GCC_WARN_ABOUT_RETURN_TYPE = YES_ERROR;
				GCC_WARN_UNDECLARED_SELECTOR = YES;
				GCC_WARN_UNINITIALIZED_AUTOS = YES_AGGRESSIVE;
				GCC_WARN_UNUSED_FUNCTION = YES;
				GCC_WARN_UNUSED_VARIABLE = YES;
				IPHONEOS_DEPLOYMENT_TARGET = 14.0;
				MTL_ENABLE_DEBUG_INFO = INCLUDE_SOURCE;
				MTL_FAST_MATH = YES;
				ONLY_ACTIVE_ARCH = YES;
				WATCHOS_DEPLOYMENT_TARGET = 6.0;
			};
			name = Debug;
		};
		A86181C828BB1A360040C79F /* Release */ = {
			isa = XCBuildConfiguration;
			buildSettings = {
				ALWAYS_SEARCH_USER_PATHS = NO;
				CLANG_ANALYZER_NONNULL = YES;
				CLANG_ANALYZER_NUMBER_OBJECT_CONVERSION = YES_AGGRESSIVE;
				CLANG_CXX_LANGUAGE_STANDARD = "gnu++17";
				CLANG_ENABLE_MODULES = YES;
				CLANG_ENABLE_OBJC_ARC = YES;
				CLANG_ENABLE_OBJC_WEAK = YES;
				CLANG_WARN_BLOCK_CAPTURE_AUTORELEASING = YES;
				CLANG_WARN_BOOL_CONVERSION = YES;
				CLANG_WARN_COMMA = YES;
				CLANG_WARN_CONSTANT_CONVERSION = YES;
				CLANG_WARN_DEPRECATED_OBJC_IMPLEMENTATIONS = YES;
				CLANG_WARN_DIRECT_OBJC_ISA_USAGE = YES_ERROR;
				CLANG_WARN_DOCUMENTATION_COMMENTS = YES;
				CLANG_WARN_EMPTY_BODY = YES;
				CLANG_WARN_ENUM_CONVERSION = YES;
				CLANG_WARN_INFINITE_RECURSION = YES;
				CLANG_WARN_INT_CONVERSION = YES;
				CLANG_WARN_NON_LITERAL_NULL_CONVERSION = YES;
				CLANG_WARN_OBJC_IMPLICIT_RETAIN_SELF = YES;
				CLANG_WARN_OBJC_LITERAL_CONVERSION = YES;
				CLANG_WARN_OBJC_ROOT_CLASS = YES_ERROR;
				CLANG_WARN_QUOTED_INCLUDE_IN_FRAMEWORK_HEADER = YES;
				CLANG_WARN_RANGE_LOOP_ANALYSIS = YES;
				CLANG_WARN_STRICT_PROTOTYPES = YES;
				CLANG_WARN_SUSPICIOUS_MOVE = YES;
				CLANG_WARN_UNGUARDED_AVAILABILITY = YES_AGGRESSIVE;
				CLANG_WARN_UNREACHABLE_CODE = YES;
				CLANG_WARN__DUPLICATE_METHOD_MATCH = YES;
				COPY_PHASE_STRIP = NO;
				DEBUG_INFORMATION_FORMAT = "dwarf-with-dsym";
				ENABLE_NS_ASSERTIONS = NO;
				ENABLE_STRICT_OBJC_MSGSEND = YES;
				GCC_C_LANGUAGE_STANDARD = gnu11;
				GCC_NO_COMMON_BLOCKS = YES;
				GCC_WARN_64_TO_32_BIT_CONVERSION = YES;
				GCC_WARN_ABOUT_RETURN_TYPE = YES_ERROR;
				GCC_WARN_UNDECLARED_SELECTOR = YES;
				GCC_WARN_UNINITIALIZED_AUTOS = YES_AGGRESSIVE;
				GCC_WARN_UNUSED_FUNCTION = YES;
				GCC_WARN_UNUSED_VARIABLE = YES;
				IPHONEOS_DEPLOYMENT_TARGET = 14.0;
				MTL_ENABLE_DEBUG_INFO = NO;
				MTL_FAST_MATH = YES;
				WATCHOS_DEPLOYMENT_TARGET = 6.0;
			};
			name = Release;
		};
		A86181CA28BB1A360040C79F /* Debug */ = {
			isa = XCBuildConfiguration;
			buildSettings = {
				ASSETCATALOG_COMPILER_COMPLICATION_NAME = Complication;
				CLANG_ENABLE_MODULES = YES;
				CODE_SIGN_ENTITLEMENTS = "WatchDemo WatchKit Extension/WatchDemo WatchKit Extension.entitlements";
				CODE_SIGN_STYLE = Automatic;
				CURRENT_PROJECT_VERSION = 1;
				DEVELOPMENT_TEAM = YZK42MUV9Y;
				GENERATE_INFOPLIST_FILE = YES;
				INFOPLIST_FILE = "WatchDemo WatchKit Extension/Info.plist";
				INFOPLIST_KEY_CFBundleDisplayName = "WatchDemo WatchKit Extension";
				INFOPLIST_KEY_CLKComplicationPrincipalClass = ComplicationController;
				INFOPLIST_KEY_NSHumanReadableCopyright = "";
				INFOPLIST_KEY_WKExtensionDelegateClassName = ExtensionDelegate;
				INFOPLIST_KEY_WKRunsIndependentlyOfCompanionApp = NO;
				LD_RUNPATH_SEARCH_PATHS = (
					"$(inherited)",
					"@executable_path/Frameworks",
					"@executable_path/../../Frameworks",
				);
				MARKETING_VERSION = 1.0;
				PRODUCT_BUNDLE_IDENTIFIER = com.pnam.WatchDemo.watchkitapp.watchkitextension;
				PRODUCT_NAME = "${TARGET_NAME}";
				SDKROOT = watchos;
				SKIP_INSTALL = YES;
				SWIFT_EMIT_LOC_STRINGS = YES;
				SWIFT_OPTIMIZATION_LEVEL = "-Onone";
				SWIFT_VERSION = 5.0;
				TARGETED_DEVICE_FAMILY = 4;
				WATCHOS_DEPLOYMENT_TARGET = 8.5;
			};
			name = Debug;
		};
		A86181CB28BB1A360040C79F /* Release */ = {
			isa = XCBuildConfiguration;
			buildSettings = {
				ASSETCATALOG_COMPILER_COMPLICATION_NAME = Complication;
				CLANG_ENABLE_MODULES = YES;
				CODE_SIGN_ENTITLEMENTS = "WatchDemo WatchKit Extension/WatchDemo WatchKit Extension.entitlements";
				CODE_SIGN_STYLE = Automatic;
				CURRENT_PROJECT_VERSION = 1;
				DEVELOPMENT_TEAM = YZK42MUV9Y;
				GENERATE_INFOPLIST_FILE = YES;
				INFOPLIST_FILE = "WatchDemo WatchKit Extension/Info.plist";
				INFOPLIST_KEY_CFBundleDisplayName = "WatchDemo WatchKit Extension";
				INFOPLIST_KEY_CLKComplicationPrincipalClass = ComplicationController;
				INFOPLIST_KEY_NSHumanReadableCopyright = "";
				INFOPLIST_KEY_WKExtensionDelegateClassName = ExtensionDelegate;
				INFOPLIST_KEY_WKRunsIndependentlyOfCompanionApp = NO;
				LD_RUNPATH_SEARCH_PATHS = (
					"$(inherited)",
					"@executable_path/Frameworks",
					"@executable_path/../../Frameworks",
				);
				MARKETING_VERSION = 1.0;
				PRODUCT_BUNDLE_IDENTIFIER = com.pnam.WatchDemo.watchkitapp.watchkitextension;
				PRODUCT_NAME = "${TARGET_NAME}";
				SDKROOT = watchos;
				SKIP_INSTALL = YES;
				SWIFT_EMIT_LOC_STRINGS = YES;
				SWIFT_VERSION = 5.0;
				TARGETED_DEVICE_FAMILY = 4;
				VALIDATE_PRODUCT = YES;
				WATCHOS_DEPLOYMENT_TARGET = 8.5;
			};
			name = Release;
		};
		A86181CE28BB1A360040C79F /* Debug */ = {
			isa = XCBuildConfiguration;
			buildSettings = {
				ASSETCATALOG_COMPILER_APPICON_NAME = AppIcon;
				ASSETCATALOG_COMPILER_GLOBAL_ACCENT_COLOR_NAME = AccentColor;
				CODE_SIGN_ENTITLEMENTS = "WatchDemo WatchKit App/WatchDemo WatchKit App.entitlements";
				CODE_SIGN_STYLE = Automatic;
				CURRENT_PROJECT_VERSION = 1;
				DEVELOPMENT_TEAM = YZK42MUV9Y;
				GENERATE_INFOPLIST_FILE = YES;
				IBSC_MODULE = WatchDemo_WatchKit_Extension;
				INFOPLIST_KEY_CFBundleDisplayName = "WatchDemo WatchKit App";
				INFOPLIST_KEY_UISupportedInterfaceOrientations = "UIInterfaceOrientationPortrait UIInterfaceOrientationPortraitUpsideDown";
				INFOPLIST_KEY_WKCompanionAppBundleIdentifier = com.pnam.WatchDemo;
				MARKETING_VERSION = 1.0;
				ONLY_ACTIVE_ARCH = YES;
				PRODUCT_BUNDLE_IDENTIFIER = com.pnam.WatchDemo.watchkitapp;
				PRODUCT_NAME = "$(TARGET_NAME)";
				SDKROOT = watchos;
				SKIP_INSTALL = YES;
				SWIFT_EMIT_LOC_STRINGS = YES;
				TARGETED_DEVICE_FAMILY = 4;
				WATCHOS_DEPLOYMENT_TARGET = 8.5;
			};
			name = Debug;
		};
		A86181CF28BB1A360040C79F /* Release */ = {
			isa = XCBuildConfiguration;
			buildSettings = {
				ASSETCATALOG_COMPILER_APPICON_NAME = AppIcon;
				ASSETCATALOG_COMPILER_GLOBAL_ACCENT_COLOR_NAME = AccentColor;
				CODE_SIGN_ENTITLEMENTS = "WatchDemo WatchKit App/WatchDemo WatchKit App.entitlements";
				CODE_SIGN_STYLE = Automatic;
				CURRENT_PROJECT_VERSION = 1;
				DEVELOPMENT_TEAM = YZK42MUV9Y;
				GENERATE_INFOPLIST_FILE = YES;
				IBSC_MODULE = WatchDemo_WatchKit_Extension;
				INFOPLIST_KEY_CFBundleDisplayName = "WatchDemo WatchKit App";
				INFOPLIST_KEY_UISupportedInterfaceOrientations = "UIInterfaceOrientationPortrait UIInterfaceOrientationPortraitUpsideDown";
				INFOPLIST_KEY_WKCompanionAppBundleIdentifier = com.pnam.WatchDemo;
				MARKETING_VERSION = 1.0;
				ONLY_ACTIVE_ARCH = NO;
				PRODUCT_BUNDLE_IDENTIFIER = com.pnam.WatchDemo.watchkitapp;
				PRODUCT_NAME = "$(TARGET_NAME)";
				SDKROOT = watchos;
				SKIP_INSTALL = YES;
				SWIFT_EMIT_LOC_STRINGS = YES;
				TARGETED_DEVICE_FAMILY = 4;
				VALIDATE_PRODUCT = YES;
				WATCHOS_DEPLOYMENT_TARGET = 8.5;
			};
			name = Release;
		};
		A86181D228BB1A360040C79F /* Debug */ = {
			isa = XCBuildConfiguration;
			buildSettings = {
				ASSETCATALOG_COMPILER_APPICON_NAME = AppIcon;
				ASSETCATALOG_COMPILER_GLOBAL_ACCENT_COLOR_NAME = AccentColor;
				CLANG_ENABLE_MODULES = YES;
				CODE_SIGN_ENTITLEMENTS = WatchDemo/WatchDemo.entitlements;
				CODE_SIGN_STYLE = Automatic;
				CURRENT_PROJECT_VERSION = 1;
				DEVELOPMENT_TEAM = YZK42MUV9Y;
				GENERATE_INFOPLIST_FILE = YES;
				INFOPLIST_FILE = WatchDemo/Info.plist;
				INFOPLIST_KEY_UIApplicationSupportsIndirectInputEvents = YES;
				INFOPLIST_KEY_UILaunchStoryboardName = LaunchScreen;
				INFOPLIST_KEY_UIMainStoryboardFile = "";
				INFOPLIST_KEY_UISupportedInterfaceOrientations_iPad = "UIInterfaceOrientationPortrait UIInterfaceOrientationPortraitUpsideDown UIInterfaceOrientationLandscapeLeft UIInterfaceOrientationLandscapeRight";
				INFOPLIST_KEY_UISupportedInterfaceOrientations_iPhone = "UIInterfaceOrientationPortrait UIInterfaceOrientationLandscapeLeft UIInterfaceOrientationLandscapeRight";
				IPHONEOS_DEPLOYMENT_TARGET = 15.5;
				LD_RUNPATH_SEARCH_PATHS = (
					"$(inherited)",
					"@executable_path/Frameworks",
				);
				MARKETING_VERSION = 1.0;
				PRODUCT_BUNDLE_IDENTIFIER = com.pnam.WatchDemo;
				PRODUCT_NAME = "$(TARGET_NAME)";
				SDKROOT = iphoneos;
				SWIFT_EMIT_LOC_STRINGS = YES;
				SWIFT_OPTIMIZATION_LEVEL = "-Onone";
				SWIFT_VERSION = 5.0;
				TARGETED_DEVICE_FAMILY = "1,2";
			};
			name = Debug;
		};
		A86181D328BB1A360040C79F /* Release */ = {
			isa = XCBuildConfiguration;
			buildSettings = {
				ASSETCATALOG_COMPILER_APPICON_NAME = AppIcon;
				ASSETCATALOG_COMPILER_GLOBAL_ACCENT_COLOR_NAME = AccentColor;
				CLANG_ENABLE_MODULES = YES;
				CODE_SIGN_ENTITLEMENTS = WatchDemo/WatchDemo.entitlements;
				CODE_SIGN_STYLE = Automatic;
				CURRENT_PROJECT_VERSION = 1;
				DEVELOPMENT_TEAM = YZK42MUV9Y;
				GENERATE_INFOPLIST_FILE = YES;
				INFOPLIST_FILE = WatchDemo/Info.plist;
				INFOPLIST_KEY_UIApplicationSupportsIndirectInputEvents = YES;
				INFOPLIST_KEY_UILaunchStoryboardName = LaunchScreen;
				INFOPLIST_KEY_UIMainStoryboardFile = "";
				INFOPLIST_KEY_UISupportedInterfaceOrientations_iPad = "UIInterfaceOrientationPortrait UIInterfaceOrientationPortraitUpsideDown UIInterfaceOrientationLandscapeLeft UIInterfaceOrientationLandscapeRight";
				INFOPLIST_KEY_UISupportedInterfaceOrientations_iPhone = "UIInterfaceOrientationPortrait UIInterfaceOrientationLandscapeLeft UIInterfaceOrientationLandscapeRight";
				IPHONEOS_DEPLOYMENT_TARGET = 15.5;
				LD_RUNPATH_SEARCH_PATHS = (
					"$(inherited)",
					"@executable_path/Frameworks",
				);
				MARKETING_VERSION = 1.0;
				PRODUCT_BUNDLE_IDENTIFIER = com.pnam.WatchDemo;
				PRODUCT_NAME = "$(TARGET_NAME)";
				SDKROOT = iphoneos;
				SWIFT_EMIT_LOC_STRINGS = YES;
				SWIFT_VERSION = 5.0;
				TARGETED_DEVICE_FAMILY = "1,2";
				VALIDATE_PRODUCT = YES;
			};
			name = Release;
		};
/* End XCBuildConfiguration section */

/* Begin XCConfigurationList section */
		A861815A28BB1A310040C79F /* Build configuration list for PBXProject "WatchDemo" */ = {
			isa = XCConfigurationList;
			buildConfigurations = (
				A86181C728BB1A360040C79F /* Debug */,
				A86181C828BB1A360040C79F /* Release */,
			);
			defaultConfigurationIsVisible = 0;
			defaultConfigurationName = Release;
		};
		A86181C928BB1A360040C79F /* Build configuration list for PBXNativeTarget "WatchDemo WatchKit Extension" */ = {
			isa = XCConfigurationList;
			buildConfigurations = (
				A86181CA28BB1A360040C79F /* Debug */,
				A86181CB28BB1A360040C79F /* Release */,
			);
			defaultConfigurationIsVisible = 0;
			defaultConfigurationName = Release;
		};
		A86181CD28BB1A360040C79F /* Build configuration list for PBXNativeTarget "WatchDemo WatchKit App" */ = {
			isa = XCConfigurationList;
			buildConfigurations = (
				A86181CE28BB1A360040C79F /* Debug */,
				A86181CF28BB1A360040C79F /* Release */,
			);
			defaultConfigurationIsVisible = 0;
			defaultConfigurationName = Release;
		};
		A86181D128BB1A360040C79F /* Build configuration list for PBXNativeTarget "WatchDemo" */ = {
			isa = XCConfigurationList;
			buildConfigurations = (
				A86181D228BB1A360040C79F /* Debug */,
				A86181D328BB1A360040C79F /* Release */,
			);
			defaultConfigurationIsVisible = 0;
			defaultConfigurationName = Release;
		};
/* End XCConfigurationList section */
	};
	rootObject = A861815728BB1A310040C79F /* Project object */;
}
